
Microsoft Visual Studio Solution File, Format Version 12.00
# Visual Studio Version 17
VisualStudioVersion = 17.11.35222.181
MinimumVisualStudioVersion = 10.0.40219.1
Project("{FAE04EC0-301F-11D3-BF4B-00C04F79EFBC}") = "BootCamp(.net)Programa2", "BootCamp(.net)Programa2\BootCamp(.net)Programa2.csproj", "{646AAB87-CDD3-4D23-8483-CD35A0C28A1D}"
EndProject
Global
	GlobalSection(SolutionConfigurationPlatforms) = preSolution
		Debug|Any CPU = Debug|Any CPU
		Release|Any CPU = Release|Any CPU
	EndGlobalSection
	GlobalSection(ProjectConfigurationPlatforms) = postSolution
		{646AAB87-CDD3-4D23-8483-CD35A0C28A1D}.Debug|Any CPU.ActiveCfg = Debug|Any CPU
		{646AAB87-CDD3-4D23-8483-CD35A0C28A1D}.Debug|Any CPU.Build.0 = Debug|Any CPU
		{646AAB87-CDD3-4D23-8483-CD35A0C28A1D}.Release|Any CPU.ActiveCfg = Release|Any CPU
		{646AAB87-CDD3-4D23-8483-CD35A0C28A1D}.Release|Any CPU.Build.0 = Release|Any CPU
	EndGlobalSection
	GlobalSection(SolutionProperties) = preSolution
		HideSolutionNode = FALSE
	EndGlobalSection
	GlobalSection(ExtensibilityGlobals) = postSolution
		SolutionGuid = {53EBF748-DCAF-44F2-97FB-70CA6B4BF958}
	EndGlobalSection
EndGlobal
